Microsoft Visual Studio Solution File, Format Version 11.00
# Visual Studio 2008

Project("{71BD3EDA-FDA7-3434-EED0-CC8311DDE3DE}") = "King for 5 days", "Assembly-CSharp.csproj", "{AF7F1FE8-4C0C-B7E4-E818-62D40D3552A7}"
EndProject
Global
	GlobalSection(SolutionConfigurationPlatforms) = preSolution
		Debug|Any CPU = Debug|Any CPU
		Release|Any CPU = Release|Any CPU
	EndGlobalSection
	GlobalSection(ProjectConfigurationPlatforms) = postSolution
		{AF7F1FE8-4C0C-B7E4-E818-62D40D3552A7}.Debug|Any CPU.ActiveCfg = Debug|Any CPU
		{AF7F1FE8-4C0C-B7E4-E818-62D40D3552A7}.Debug|Any CPU.Build.0 = Debug|Any CPU
		{AF7F1FE8-4C0C-B7E4-E818-62D40D3552A7}.Release|Any CPU.ActiveCfg = Release|Any CPU
		{AF7F1FE8-4C0C-B7E4-E818-62D40D3552A7}.Release|Any CPU.Build.0 = Release|Any CPU
	EndGlobalSection
	GlobalSection(SolutionProperties) = preSolution
		HideSolutionNode = FALSE
	EndGlobalSection
			GlobalSection(MonoDevelopProperties) = preSolution
		StartupItem = Assembly-CSharp.csproj
	EndGlobalSection
EndGlobal
